
Microsoft Visual Studio Solution File, Format Version 12.00
# Visual Studio 2015
Project("{FAE04EC0-301F-11D3-BF4B-00C04F79EFBC}") = "DataExamples.CSharp", "DataExamples.CSharp.csproj", "{BC7FCA24-19AE-4A24-E567-98963B6626E5}"
EndProject
Global
	GlobalSection(SolutionConfigurationPlatforms) = preSolution
		Debug|Any CPU = Debug|Any CPU
		Release|Any CPU = Release|Any CPU
	EndGlobalSection
	GlobalSection(ProjectConfigurationPlatforms) = postSolution
		{BC7FCA24-19AE-4A24-E567-98963B6626E5}.Debug|Any CPU.ActiveCfg = Debug|Any CPU
		{BC7FCA24-19AE-4A24-E567-98963B6626E5}.Debug|Any CPU.Build.0 = Debug|Any CPU
		{BC7FCA24-19AE-4A24-E567-98963B6626E5}.Release|Any CPU.ActiveCfg = Release|Any CPU
		{BC7FCA24-19AE-4A24-E567-98963B6626E5}.Release|Any CPU.Build.0 = Release|Any CPU
	EndGlobalSection
	GlobalSection(SolutionProperties) = preSolution
		HideSolutionNode = FALSE
	EndGlobalSection
EndGlobal
